// !$*UTF8*$!
{
	archiveVersion = 1;
	classes = {
	};
	objectVersion = 50;
	objects = {

/* Begin PBXBuildFile section */
		6D6356F30EFB0A99138D6B3D /* Pods_nytimes_ios_mostpopularUITests.framework in Frameworks */ = {isa = PBXBuildFile; fileRef = 9A5848C1C8BEE790CEE7E0D9 /* Pods_nytimes_ios_mostpopularUITests.framework */; };
		8F64D0D5D1C1FC21565B7CF7 /* Pods_nytimes_ios_mostpopular.framework in Frameworks */ = {isa = PBXBuildFile; fileRef = 1FB3DF746CB2E3BB8B2ECBE8 /* Pods_nytimes_ios_mostpopular.framework */; };
		CC8C45416E0EBB51DFFEA6B5 /* Pods_nytimes_ios_mostpopularTests.framework in Frameworks */ = {isa = PBXBuildFile; fileRef = 715D40F3F73317D2DA27FC40 /* Pods_nytimes_ios_mostpopularTests.framework */; };
		F8F6D8BA20EA95DC00A6FD8E /* AppDelegate.swift in Sources */ = {isa = PBXBuildFile; fileRef = F8F6D8B920EA95DC00A6FD8E /* AppDelegate.swift */; };
		F8F6D8BC20EA95DC00A6FD8E /* ViewController.swift in Sources */ = {isa = PBXBuildFile; fileRef = F8F6D8BB20EA95DC00A6FD8E /* ViewController.swift */; };
		F8F6D8BF20EA95DC00A6FD8E /* Main.storyboard in Resources */ = {isa = PBXBuildFile; fileRef = F8F6D8BD20EA95DC00A6FD8E /* Main.storyboard */; };
		F8F6D8C120EA95E400A6FD8E /* Assets.xcassets in Resources */ = {isa = PBXBuildFile; fileRef = F8F6D8C020EA95E400A6FD8E /* Assets.xcassets */; };
		F8F6D8C420EA95E400A6FD8E /* LaunchScreen.storyboard in Resources */ = {isa = PBXBuildFile; fileRef = F8F6D8C220EA95E400A6FD8E /* LaunchScreen.storyboard */; };
		F8F6D8CF20EA95E500A6FD8E /* nytimes_ios_mostpopularTests.swift in Sources */ = {isa = PBXBuildFile; fileRef = F8F6D8CE20EA95E500A6FD8E /* nytimes_ios_mostpopularTests.swift */; };
		F8F6D8DA20EA95E500A6FD8E /* nytimes_ios_mostpopularUITests.swift in Sources */ = {isa = PBXBuildFile; fileRef = F8F6D8D920EA95E500A6FD8E /* nytimes_ios_mostpopularUITests.swift */; };
		F8F6D8EB20EB0DDE00A6FD8E /* WebServiceProtocol.swift in Sources */ = {isa = PBXBuildFile; fileRef = F8F6D8EA20EB0DDE00A6FD8E /* WebServiceProtocol.swift */; };
		F8F6D8ED20EB195B00A6FD8E /* NYTimesAPI.swift in Sources */ = {isa = PBXBuildFile; fileRef = F8F6D8EC20EB195B00A6FD8E /* NYTimesAPI.swift */; };
		F8F6D8EF20EB1ADE00A6FD8E /* NYTimesService.swift in Sources */ = {isa = PBXBuildFile; fileRef = F8F6D8EE20EB1ADE00A6FD8E /* NYTimesService.swift */; };
		F8F6D8F220EB1D5700A6FD8E /* Sections.swift in Sources */ = {isa = PBXBuildFile; fileRef = F8F6D8F120EB1D5700A6FD8E /* Sections.swift */; };
		F8F6D8F420EB214200A6FD8E /* MostPopular.swift in Sources */ = {isa = PBXBuildFile; fileRef = F8F6D8F320EB214200A6FD8E /* MostPopular.swift */; };
/* End PBXBuildFile section */

/* Begin PBXContainerItemProxy section */
		F8F6D8CB20EA95E500A6FD8E /* PBXContainerItemProxy */ = {
			isa = PBXContainerItemProxy;
			containerPortal = F8F6D8AE20EA95DB00A6FD8E /* Project object */;
			proxyType = 1;
			remoteGlobalIDString = F8F6D8B520EA95DC00A6FD8E;
			remoteInfo = "nytimes-ios-mostpopular";
		};
		F8F6D8D620EA95E500A6FD8E /* PBXContainerItemProxy */ = {
			isa = PBXContainerItemProxy;
			containerPortal = F8F6D8AE20EA95DB00A6FD8E /* Project object */;
			proxyType = 1;
			remoteGlobalIDString = F8F6D8B520EA95DC00A6FD8E;
			remoteInfo = "nytimes-ios-mostpopular";
		};
/* End PBXContainerItemProxy section */

/* Begin PBXFileReference section */
		117EEE4F7CB2A20DF31E1AE6 /* Pods-nytimes-ios-mostpopularTests.debug.xcconfig */ = {isa = PBXFileReference; includeInIndex = 1; lastKnownFileType = text.xcconfig; name = "Pods-nytimes-ios-mostpopularTests.debug.xcconfig"; path = "Pods/Target Support Files/Pods-nytimes-ios-mostpopularTests/Pods-nytimes-ios-mostpopularTests.debug.xcconfig"; sourceTree = "<group>"; };
		147848AB88E0E80AF79CC60B /* Pods-nytimes-ios-mostpopularTests.release.xcconfig */ = {isa = PBXFileReference; includeInIndex = 1; lastKnownFileType = text.xcconfig; name = "Pods-nytimes-ios-mostpopularTests.release.xcconfig"; path = "Pods/Target Support Files/Pods-nytimes-ios-mostpopularTests/Pods-nytimes-ios-mostpopularTests.release.xcconfig"; sourceTree = "<group>"; };
		1FB3DF746CB2E3BB8B2ECBE8 /* Pods_nytimes_ios_mostpopular.framework */ = {isa = PBXFileReference; explicitFileType = wrapper.framework; includeInIndex = 0; path = Pods_nytimes_ios_mostpopular.framework; sourceTree = BUILT_PRODUCTS_DIR; };
		56BF7AB33D6BA2EDDBC059C1 /* Pods-nytimes-ios-mostpopular.release.xcconfig */ = {isa = PBXFileReference; includeInIndex = 1; lastKnownFileType = text.xcconfig; name = "Pods-nytimes-ios-mostpopular.release.xcconfig"; path = "Pods/Target Support Files/Pods-nytimes-ios-mostpopular/Pods-nytimes-ios-mostpopular.release.xcconfig"; sourceTree = "<group>"; };
		6C4010C14320D0E0DEB09476 /* Pods-nytimes-ios-mostpopularUITests.release.xcconfig */ = {isa = PBXFileReference; includeInIndex = 1; lastKnownFileType = text.xcconfig; name = "Pods-nytimes-ios-mostpopularUITests.release.xcconfig"; path = "Pods/Target Support Files/Pods-nytimes-ios-mostpopularUITests/Pods-nytimes-ios-mostpopularUITests.release.xcconfig"; sourceTree = "<group>"; };
		715D40F3F73317D2DA27FC40 /* Pods_nytimes_ios_mostpopularTests.framework */ = {isa = PBXFileReference; explicitFileType = wrapper.framework; includeInIndex = 0; path = Pods_nytimes_ios_mostpopularTests.framework; sourceTree = BUILT_PRODUCTS_DIR; };
		7FFBE664FD8FED9289B63B24 /* Pods-nytimes-ios-mostpopular.debug.xcconfig */ = {isa = PBXFileReference; includeInIndex = 1; lastKnownFileType = text.xcconfig; name = "Pods-nytimes-ios-mostpopular.debug.xcconfig"; path = "Pods/Target Support Files/Pods-nytimes-ios-mostpopular/Pods-nytimes-ios-mostpopular.debug.xcconfig"; sourceTree = "<group>"; };
		99AE26C4B422C34169651FFD /* Pods-nytimes-ios-mostpopularUITests.debug.xcconfig */ = {isa = PBXFileReference; includeInIndex = 1; lastKnownFileType = text.xcconfig; name = "Pods-nytimes-ios-mostpopularUITests.debug.xcconfig"; path = "Pods/Target Support Files/Pods-nytimes-ios-mostpopularUITests/Pods-nytimes-ios-mostpopularUITests.debug.xcconfig"; sourceTree = "<group>"; };
		9A5848C1C8BEE790CEE7E0D9 /* Pods_nytimes_ios_mostpopularUITests.framework */ = {isa = PBXFileReference; explicitFileType = wrapper.framework; includeInIndex = 0; path = Pods_nytimes_ios_mostpopularUITests.framework; sourceTree = BUILT_PRODUCTS_DIR; };
		F8F6D8B620EA95DC00A6FD8E /* nytimes-ios-mostpopular.app */ = {isa = PBXFileReference; explicitFileType = wrapper.application; includeInIndex = 0; path = "nytimes-ios-mostpopular.app"; sourceTree = BUILT_PRODUCTS_DIR; };
		F8F6D8B920EA95DC00A6FD8E /* AppDelegate.swift */ = {isa = PBXFileReference; lastKnownFileType = sourcecode.swift; path = AppDelegate.swift; sourceTree = "<group>"; };
		F8F6D8BB20EA95DC00A6FD8E /* ViewController.swift */ = {isa = PBXFileReference; lastKnownFileType = sourcecode.swift; path = ViewController.swift; sourceTree = "<group>"; };
		F8F6D8BE20EA95DC00A6FD8E /* Base */ = {isa = PBXFileReference; lastKnownFileType = file.storyboard; name = Base; path = Base.lproj/Main.storyboard; sourceTree = "<group>"; };
		F8F6D8C020EA95E400A6FD8E /* Assets.xcassets */ = {isa = PBXFileReference; lastKnownFileType = folder.assetcatalog; path = Assets.xcassets; sourceTree = "<group>"; };
		F8F6D8C320EA95E400A6FD8E /* Base */ = {isa = PBXFileReference; lastKnownFileType = file.storyboard; name = Base; path = Base.lproj/LaunchScreen.storyboard; sourceTree = "<group>"; };
		F8F6D8C520EA95E400A6FD8E /* Info.plist */ = {isa = PBXFileReference; lastKnownFileType = text.plist.xml; path = Info.plist; sourceTree = "<group>"; };
		F8F6D8CA20EA95E500A6FD8E /* nytimes-ios-mostpopularTests.xctest */ = {isa = PBXFileReference; explicitFileType = wrapper.cfbundle; includeInIndex = 0; path = "nytimes-ios-mostpopularTests.xctest"; sourceTree = BUILT_PRODUCTS_DIR; };
		F8F6D8CE20EA95E500A6FD8E /* nytimes_ios_mostpopularTests.swift */ = {isa = PBXFileReference; lastKnownFileType = sourcecode.swift; path = nytimes_ios_mostpopularTests.swift; sourceTree = "<group>"; };
		F8F6D8D020EA95E500A6FD8E /* Info.plist */ = {isa = PBXFileReference; lastKnownFileType = text.plist.xml; path = Info.plist; sourceTree = "<group>"; };
		F8F6D8D520EA95E500A6FD8E /* nytimes-ios-mostpopularUITests.xctest */ = {isa = PBXFileReference; explicitFileType = wrapper.cfbundle; includeInIndex = 0; path = "nytimes-ios-mostpopularUITests.xctest"; sourceTree = BUILT_PRODUCTS_DIR; };
		F8F6D8D920EA95E500A6FD8E /* nytimes_ios_mostpopularUITests.swift */ = {isa = PBXFileReference; lastKnownFileType = sourcecode.swift; path = nytimes_ios_mostpopularUITests.swift; sourceTree = "<group>"; };
		F8F6D8DB20EA95E500A6FD8E /* Info.plist */ = {isa = PBXFileReference; lastKnownFileType = text.plist.xml; path = Info.plist; sourceTree = "<group>"; };
		F8F6D8EA20EB0DDE00A6FD8E /* WebServiceProtocol.swift */ = {isa = PBXFileReference; lastKnownFileType = sourcecode.swift; path = WebServiceProtocol.swift; sourceTree = "<group>"; };
		F8F6D8EC20EB195B00A6FD8E /* NYTimesAPI.swift */ = {isa = PBXFileReference; lastKnownFileType = sourcecode.swift; path = NYTimesAPI.swift; sourceTree = "<group>"; };
		F8F6D8EE20EB1ADE00A6FD8E /* NYTimesService.swift */ = {isa = PBXFileReference; lastKnownFileType = sourcecode.swift; path = NYTimesService.swift; sourceTree = "<group>"; };
		F8F6D8F120EB1D5700A6FD8E /* Sections.swift */ = {isa = PBXFileReference; lastKnownFileType = sourcecode.swift; path = Sections.swift; sourceTree = "<group>"; };
		F8F6D8F320EB214200A6FD8E /* MostPopular.swift */ = {isa = PBXFileReference; lastKnownFileType = sourcecode.swift; path = MostPopular.swift; sourceTree = "<group>"; };
/* End PBXFileReference section */

/* Begin PBXFrameworksBuildPhase section */
		F8F6D8B320EA95DC00A6FD8E /* Frameworks */ = {
			isa = PBXFrameworksBuildPhase;
			buildActionMask = 2147483647;
			files = (
				8F64D0D5D1C1FC21565B7CF7 /* Pods_nytimes_ios_mostpopular.framework in Frameworks */,
			);
			runOnlyForDeploymentPostprocessing = 0;
		};
		F8F6D8C720EA95E500A6FD8E /* Frameworks */ = {
			isa = PBXFrameworksBuildPhase;
			buildActionMask = 2147483647;
			files = (
				CC8C45416E0EBB51DFFEA6B5 /* Pods_nytimes_ios_mostpopularTests.framework in Frameworks */,
			);
			runOnlyForDeploymentPostprocessing = 0;
		};
		F8F6D8D220EA95E500A6FD8E /* Frameworks */ = {
			isa = PBXFrameworksBuildPhase;
			buildActionMask = 2147483647;
			files = (
				6D6356F30EFB0A99138D6B3D /* Pods_nytimes_ios_mostpopularUITests.framework in Frameworks */,
			);
			runOnlyForDeploymentPostprocessing = 0;
		};
/* End PBXFrameworksBuildPhase section */

/* Begin PBXGroup section */
		0749F71874303CBDD7F69F43 /* Frameworks */ = {
			isa = PBXGroup;
			children = (
				1FB3DF746CB2E3BB8B2ECBE8 /* Pods_nytimes_ios_mostpopular.framework */,
				715D40F3F73317D2DA27FC40 /* Pods_nytimes_ios_mostpopularTests.framework */,
				9A5848C1C8BEE790CEE7E0D9 /* Pods_nytimes_ios_mostpopularUITests.framework */,
			);
			name = Frameworks;
			sourceTree = "<group>";
		};
		2907BD2312866369F63E1AB8 /* Pods */ = {
			isa = PBXGroup;
			children = (
				7FFBE664FD8FED9289B63B24 /* Pods-nytimes-ios-mostpopular.debug.xcconfig */,
				56BF7AB33D6BA2EDDBC059C1 /* Pods-nytimes-ios-mostpopular.release.xcconfig */,
				117EEE4F7CB2A20DF31E1AE6 /* Pods-nytimes-ios-mostpopularTests.debug.xcconfig */,
				147848AB88E0E80AF79CC60B /* Pods-nytimes-ios-mostpopularTests.release.xcconfig */,
				99AE26C4B422C34169651FFD /* Pods-nytimes-ios-mostpopularUITests.debug.xcconfig */,
				6C4010C14320D0E0DEB09476 /* Pods-nytimes-ios-mostpopularUITests.release.xcconfig */,
			);
			name = Pods;
			sourceTree = "<group>";
		};
		F8F6D8AD20EA95DB00A6FD8E = {
			isa = PBXGroup;
			children = (
				F8F6D8B820EA95DC00A6FD8E /* nytimes-ios-mostpopular */,
				F8F6D8CD20EA95E500A6FD8E /* nytimes-ios-mostpopularTests */,
				F8F6D8D820EA95E500A6FD8E /* nytimes-ios-mostpopularUITests */,
				F8F6D8B720EA95DC00A6FD8E /* Products */,
				2907BD2312866369F63E1AB8 /* Pods */,
				0749F71874303CBDD7F69F43 /* Frameworks */,
			);
			sourceTree = "<group>";
		};
		F8F6D8B720EA95DC00A6FD8E /* Products */ = {
			isa = PBXGroup;
			children = (
				F8F6D8B620EA95DC00A6FD8E /* nytimes-ios-mostpopular.app */,
				F8F6D8CA20EA95E500A6FD8E /* nytimes-ios-mostpopularTests.xctest */,
				F8F6D8D520EA95E500A6FD8E /* nytimes-ios-mostpopularUITests.xctest */,
			);
			name = Products;
			sourceTree = "<group>";
		};
		F8F6D8B820EA95DC00A6FD8E /* nytimes-ios-mostpopular */ = {
			isa = PBXGroup;
			children = (
				F8F6D8F020EB1CAA00A6FD8E /* Model */,
				F8F6D8E720EABCAF00A6FD8E /* Networking */,
				F8F6D8B920EA95DC00A6FD8E /* AppDelegate.swift */,
				F8F6D8BB20EA95DC00A6FD8E /* ViewController.swift */,
				F8F6D8BD20EA95DC00A6FD8E /* Main.storyboard */,
				F8F6D8C020EA95E400A6FD8E /* Assets.xcassets */,
				F8F6D8C220EA95E400A6FD8E /* LaunchScreen.storyboard */,
				F8F6D8C520EA95E400A6FD8E /* Info.plist */,
			);
			path = "nytimes-ios-mostpopular";
			sourceTree = "<group>";
		};
		F8F6D8CD20EA95E500A6FD8E /* nytimes-ios-mostpopularTests */ = {
			isa = PBXGroup;
			children = (
				F8F6D8CE20EA95E500A6FD8E /* nytimes_ios_mostpopularTests.swift */,
				F8F6D8D020EA95E500A6FD8E /* Info.plist */,
			);
			path = "nytimes-ios-mostpopularTests";
			sourceTree = "<group>";
		};
		F8F6D8D820EA95E500A6FD8E /* nytimes-ios-mostpopularUITests */ = {
			isa = PBXGroup;
			children = (
				F8F6D8D920EA95E500A6FD8E /* nytimes_ios_mostpopularUITests.swift */,
				F8F6D8DB20EA95E500A6FD8E /* Info.plist */,
			);
			path = "nytimes-ios-mostpopularUITests";
			sourceTree = "<group>";
		};
		F8F6D8E720EABCAF00A6FD8E /* Networking */ = {
			isa = PBXGroup;
			children = (
				F8F6D8EC20EB195B00A6FD8E /* NYTimesAPI.swift */,
				F8F6D8EA20EB0DDE00A6FD8E /* WebServiceProtocol.swift */,
				F8F6D8EE20EB1ADE00A6FD8E /* NYTimesService.swift */,
			);
			path = Networking;
			sourceTree = "<group>";
		};
		F8F6D8F020EB1CAA00A6FD8E /* Model */ = {
			isa = PBXGroup;
			children = (
				F8F6D8F120EB1D5700A6FD8E /* Sections.swift */,
				F8F6D8F320EB214200A6FD8E /* MostPopular.swift */,
			);
			path = Model;
			sourceTree = "<group>";
		};
/* End PBXGroup section */

/* Begin PBXNativeTarget section */
		F8F6D8B520EA95DC00A6FD8E /* nytimes-ios-mostpopular */ = {
			isa = PBXNativeTarget;
			buildConfigurationList = F8F6D8DE20EA95E500A6FD8E /* Build configuration list for PBXNativeTarget "nytimes-ios-mostpopular" */;
			buildPhases = (
				67030B9771EC6BE3E10F9C93 /* [CP] Check Pods Manifest.lock */,
				F8F6D8B220EA95DC00A6FD8E /* Sources */,
				F8F6D8B320EA95DC00A6FD8E /* Frameworks */,
				F8F6D8B420EA95DC00A6FD8E /* Resources */,
				8A56FDCDB5CE4A2952FA66CD /* [CP] Embed Pods Frameworks */,
			);
			buildRules = (
			);
			dependencies = (
			);
			name = "nytimes-ios-mostpopular";
			productName = "nytimes-ios-mostpopular";
			productReference = F8F6D8B620EA95DC00A6FD8E /* nytimes-ios-mostpopular.app */;
			productType = "com.apple.product-type.application";
		};
		F8F6D8C920EA95E500A6FD8E /* nytimes-ios-mostpopularTests */ = {
			isa = PBXNativeTarget;
			buildConfigurationList = F8F6D8E120EA95E500A6FD8E /* Build configuration list for PBXNativeTarget "nytimes-ios-mostpopularTests" */;
			buildPhases = (
				C3B501C840054B6DCD64D96D /* [CP] Check Pods Manifest.lock */,
				F8F6D8C620EA95E500A6FD8E /* Sources */,
				F8F6D8C720EA95E500A6FD8E /* Frameworks */,
				F8F6D8C820EA95E500A6FD8E /* Resources */,
			);
			buildRules = (
			);
			dependencies = (
				F8F6D8CC20EA95E500A6FD8E /* PBXTargetDependency */,
			);
			name = "nytimes-ios-mostpopularTests";
			productName = "nytimes-ios-mostpopularTests";
			productReference = F8F6D8CA20EA95E500A6FD8E /* nytimes-ios-mostpopularTests.xctest */;
			productType = "com.apple.product-type.bundle.unit-test";
		};
		F8F6D8D420EA95E500A6FD8E /* nytimes-ios-mostpopularUITests */ = {
			isa = PBXNativeTarget;
			buildConfigurationList = F8F6D8E420EA95E500A6FD8E /* Build configuration list for PBXNativeTarget "nytimes-ios-mostpopularUITests" */;
			buildPhases = (
				FAFA52785B3059C6BFC87624 /* [CP] Check Pods Manifest.lock */,
				F8F6D8D120EA95E500A6FD8E /* Sources */,
				F8F6D8D220EA95E500A6FD8E /* Frameworks */,
				F8F6D8D320EA95E500A6FD8E /* Resources */,
			);
			buildRules = (
			);
			dependencies = (
				F8F6D8D720EA95E500A6FD8E /* PBXTargetDependency */,
			);
			name = "nytimes-ios-mostpopularUITests";
			productName = "nytimes-ios-mostpopularUITests";
			productReference = F8F6D8D520EA95E500A6FD8E /* nytimes-ios-mostpopularUITests.xctest */;
			productType = "com.apple.product-type.bundle.ui-testing";
		};
/* End PBXNativeTarget section */

/* Begin PBXProject section */
		F8F6D8AE20EA95DB00A6FD8E /* Project object */ = {
			isa = PBXProject;
			attributes = {
				LastSwiftUpdateCheck = 0940;
				LastUpgradeCheck = 0940;
				ORGANIZATIONNAME = thejeraldo;
				TargetAttributes = {
					F8F6D8B520EA95DC00A6FD8E = {
						CreatedOnToolsVersion = 9.4.1;
					};
					F8F6D8C920EA95E500A6FD8E = {
						CreatedOnToolsVersion = 9.4.1;
						TestTargetID = F8F6D8B520EA95DC00A6FD8E;
					};
					F8F6D8D420EA95E500A6FD8E = {
						CreatedOnToolsVersion = 9.4.1;
						TestTargetID = F8F6D8B520EA95DC00A6FD8E;
					};
				};
			};
			buildConfigurationList = F8F6D8B120EA95DB00A6FD8E /* Build configuration list for PBXProject "nytimes-ios-mostpopular" */;
			compatibilityVersion = "Xcode 9.3";
			developmentRegion = en;
			hasScannedForEncodings = 0;
			knownRegions = (
				en,
				Base,
			);
			mainGroup = F8F6D8AD20EA95DB00A6FD8E;
			productRefGroup = F8F6D8B720EA95DC00A6FD8E /* Products */;
			projectDirPath = "";
			projectRoot = "";
			targets = (
				F8F6D8B520EA95DC00A6FD8E /* nytimes-ios-mostpopular */,
				F8F6D8C920EA95E500A6FD8E /* nytimes-ios-mostpopularTests */,
				F8F6D8D420EA95E500A6FD8E /* nytimes-ios-mostpopularUITests */,
			);
		};
/* End PBXProject section */

/* Begin PBXResourcesBuildPhase section */
		F8F6D8B420EA95DC00A6FD8E /* Resources */ = {
			isa = PBXResourcesBuildPhase;
			buildActionMask = 2147483647;
			files = (
				F8F6D8C420EA95E400A6FD8E /* LaunchScreen.storyboard in Resources */,
				F8F6D8C120EA95E400A6FD8E /* Assets.xcassets in Resources */,
				F8F6D8BF20EA95DC00A6FD8E /* Main.storyboard in Resources */,
			);
			runOnlyForDeploymentPostprocessing = 0;
		};
		F8F6D8C820EA95E500A6FD8E /* Resources */ = {
			isa = PBXResourcesBuildPhase;
			buildActionMask = 2147483647;
			files = (
			);
			runOnlyForDeploymentPostprocessing = 0;
		};
		F8F6D8D320EA95E500A6FD8E /* Resources */ = {
			isa = PBXResourcesBuildPhase;
			buildActionMask = 2147483647;
			files = (
			);
			runOnlyForDeploymentPostprocessing = 0;
		};
/* End PBXResourcesBuildPhase section */

/* Begin PBXShellScriptBuildPhase section */
		67030B9771EC6BE3E10F9C93 /* [CP] Check Pods Manifest.lock */ = {
			isa = PBXShellScriptBuildPhase;
			buildActionMask = 2147483647;
			files = (
			);
			inputPaths = (
				"${PODS_PODFILE_DIR_PATH}/Podfile.lock",
				"${PODS_ROOT}/Manifest.lock",
			);
			name = "[CP] Check Pods Manifest.lock";
			outputPaths = (
				"$(DERIVED_FILE_DIR)/Pods-nytimes-ios-mostpopular-checkManifestLockResult.txt",
			);
			runOnlyForDeploymentPostprocessing = 0;
			shellPath = /bin/sh;
			shellScript = "diff \"${PODS_PODFILE_DIR_PATH}/Podfile.lock\" \"${PODS_ROOT}/Manifest.lock\" > /dev/null\nif [ $? != 0 ] ; then\n    # print error to STDERR\n    echo \"error: The sandbox is not in sync with the Podfile.lock. Run 'pod install' or update your CocoaPods installation.\" >&2\n    exit 1\nfi\n# This output is used by Xcode 'outputs' to avoid re-running this script phase.\necho \"SUCCESS\" > \"${SCRIPT_OUTPUT_FILE_0}\"\n";
			showEnvVarsInLog = 0;
		};
		8A56FDCDB5CE4A2952FA66CD /* [CP] Embed Pods Frameworks */ = {
			isa = PBXShellScriptBuildPhase;
			buildActionMask = 2147483647;
			files = (
			);
			inputPaths = (
				"${SRCROOT}/Pods/Target Support Files/Pods-nytimes-ios-mostpopular/Pods-nytimes-ios-mostpopular-frameworks.sh",
				"${BUILT_PRODUCTS_DIR}/Alamofire/Alamofire.framework",
				"${BUILT_PRODUCTS_DIR}/SVProgressHUD/SVProgressHUD.framework",
			);
			name = "[CP] Embed Pods Frameworks";
			outputPaths = (
				"${TARGET_BUILD_DIR}/${FRAMEWORKS_FOLDER_PATH}/Alamofire.framework",
				"${TARGET_BUILD_DIR}/${FRAMEWORKS_FOLDER_PATH}/SVProgressHUD.framework",
			);
			runOnlyForDeploymentPostprocessing = 0;
			shellPath = /bin/sh;
			shellScript = "\"${SRCROOT}/Pods/Target Support Files/Pods-nytimes-ios-mostpopular/Pods-nytimes-ios-mostpopular-frameworks.sh\"\n";
			showEnvVarsInLog = 0;
		};
		C3B501C840054B6DCD64D96D /* [CP] Check Pods Manifest.lock */ = {
			isa = PBXShellScriptBuildPhase;
			buildActionMask = 2147483647;
			files = (
			);
			inputPaths = (
				"${PODS_PODFILE_DIR_PATH}/Podfile.lock",
				"${PODS_ROOT}/Manifest.lock",
			);
			name = "[CP] Check Pods Manifest.lock";
			outputPaths = (
				"$(DERIVED_FILE_DIR)/Pods-nytimes-ios-mostpopularTests-checkManifestLockResult.txt",
			);
			runOnlyForDeploymentPostprocessing = 0;
			shellPath = /bin/sh;
			shellScript = "diff \"${PODS_PODFILE_DIR_PATH}/Podfile.lock\" \"${PODS_ROOT}/Manifest.lock\" > /dev/null\nif [ $? != 0 ] ; then\n    # print error to STDERR\n    echo \"error: The sandbox is not in sync with the Podfile.lock. Run 'pod install' or update your CocoaPods installation.\" >&2\n    exit 1\nfi\n# This output is used by Xcode 'outputs' to avoid re-running this script phase.\necho \"SUCCESS\" > \"${SCRIPT_OUTPUT_FILE_0}\"\n";
			showEnvVarsInLog = 0;
		};
		FAFA52785B3059C6BFC87624 /* [CP] Check Pods Manifest.lock */ = {
			isa = PBXShellScriptBuildPhase;
			buildActionMask = 2147483647;
			files = (
			);
			inputPaths = (
				"${PODS_PODFILE_DIR_PATH}/Podfile.lock",
				"${PODS_ROOT}/Manifest.lock",
			);
			name = "[CP] Check Pods Manifest.lock";
			outputPaths = (
				"$(DERIVED_FILE_DIR)/Pods-nytimes-ios-mostpopularUITests-checkManifestLockResult.txt",
			);
			runOnlyForDeploymentPostprocessing = 0;
			shellPath = /bin/sh;
			shellScript = "diff \"${PODS_PODFILE_DIR_PATH}/Podfile.lock\" \"${PODS_ROOT}/Manifest.lock\" > /dev/null\nif [ $? != 0 ] ; then\n    # print error to STDERR\n    echo \"error: The sandbox is not in sync with the Podfile.lock. Run 'pod install' or update your CocoaPods installation.\" >&2\n    exit 1\nfi\n# This output is used by Xcode 'outputs' to avoid re-running this script phase.\necho \"SUCCESS\" > \"${SCRIPT_OUTPUT_FILE_0}\"\n";
			showEnvVarsInLog = 0;
		};
/* End PBXShellScriptBuildPhase section */

/* Begin PBXSourcesBuildPhase section */
		F8F6D8B220EA95DC00A6FD8E /* Sources */ = {
			isa = PBXSourcesBuildPhase;
			buildActionMask = 2147483647;
			files = (
				F8F6D8ED20EB195B00A6FD8E /* NYTimesAPI.swift in Sources */,
				F8F6D8F220EB1D5700A6FD8E /* Sections.swift in Sources */,
				F8F6D8EB20EB0DDE00A6FD8E /* WebServiceProtocol.swift in Sources */,
				F8F6D8EF20EB1ADE00A6FD8E /* NYTimesService.swift in Sources */,
				F8F6D8BC20EA95DC00A6FD8E /* ViewController.swift in Sources */,
				F8F6D8F420EB214200A6FD8E /* MostPopular.swift in Sources */,
				F8F6D8BA20EA95DC00A6FD8E /* AppDelegate.swift in Sources */,
			);
			runOnlyForDeploymentPostprocessing = 0;
		};
		F8F6D8C620EA95E500A6FD8E /* Sources */ = {
			isa = PBXSourcesBuildPhase;
			buildActionMask = 2147483647;
			files = (
				F8F6D8CF20EA95E500A6FD8E /* nytimes_ios_mostpopularTests.swift in Sources */,
			);
			runOnlyForDeploymentPostprocessing = 0;
		};
		F8F6D8D120EA95E500A6FD8E /* Sources */ = {
			isa = PBXSourcesBuildPhase;
			buildActionMask = 2147483647;
			files = (
				F8F6D8DA20EA95E500A6FD8E /* nytimes_ios_mostpopularUITests.swift in Sources */,
			);
			runOnlyForDeploymentPostprocessing = 0;
		};
/* End PBXSourcesBuildPhase section */

/* Begin PBXTargetDependency section */
		F8F6D8CC20EA95E500A6FD8E /* PBXTargetDependency */ = {
			isa = PBXTargetDependency;
			target = F8F6D8B520EA95DC00A6FD8E /* nytimes-ios-mostpopular */;
			targetProxy = F8F6D8CB20EA95E500A6FD8E /* PBXContainerItemProxy */;
		};
		F8F6D8D720EA95E500A6FD8E /* PBXTargetDependency */ = {
			isa = PBXTargetDependency;
			target = F8F6D8B520EA95DC00A6FD8E /* nytimes-ios-mostpopular */;
			targetProxy = F8F6D8D620EA95E500A6FD8E /* PBXContainerItemProxy */;
		};
/* End PBXTargetDependency section */

/* Begin PBXVariantGroup section */
		F8F6D8BD20EA95DC00A6FD8E /* Main.storyboard */ = {
			isa = PBXVariantGroup;
			children = (
				F8F6D8BE20EA95DC00A6FD8E /* Base */,
			);
			name = Main.storyboard;
			sourceTree = "<group>";
		};
		F8F6D8C220EA95E400A6FD8E /* LaunchScreen.storyboard */ = {
			isa = PBXVariantGroup;
			children = (
				F8F6D8C320EA95E400A6FD8E /* Base */,
			);
			name = LaunchScreen.storyboard;
			sourceTree = "<group>";
		};
/* End PBXVariantGroup section */

/* Begin XCBuildConfiguration section */
		F8F6D8DC20EA95E500A6FD8E /* Debug */ = {
			isa = XCBuildConfiguration;
			buildSettings = {
				ALWAYS_SEARCH_USER_PATHS = NO;
				CLANG_ANALYZER_NONNULL = YES;
				CLANG_ANALYZER_NUMBER_OBJECT_CONVERSION = YES_AGGRESSIVE;
				CLANG_CXX_LANGUAGE_STANDARD = "gnu++14";
				CLANG_CXX_LIBRARY = "libc++";
				CLANG_ENABLE_MODULES = YES;
				CLANG_ENABLE_OBJC_ARC = YES;
				CLANG_ENABLE_OBJC_WEAK = YES;
				CLANG_WARN_BLOCK_CAPTURE_AUTORELEASING = YES;
				CLANG_WARN_BOOL_CONVERSION = YES;
				CLANG_WARN_COMMA = YES;
				CLANG_WARN_CONSTANT_CONVERSION = YES;
				CLANG_WARN_DEPRECATED_OBJC_IMPLEMENTATIONS = YES;
				CLANG_WARN_DIRECT_OBJC_ISA_USAGE = YES_ERROR;
				CLANG_WARN_DOCUMENTATION_COMMENTS = YES;
				CLANG_WARN_EMPTY_BODY = YES;
				CLANG_WARN_ENUM_CONVERSION = YES;
				CLANG_WARN_INFINITE_RECURSION = YES;
				CLANG_WARN_INT_CONVERSION = YES;
				CLANG_WARN_NON_LITERAL_NULL_CONVERSION = YES;
				CLANG_WARN_OBJC_IMPLICIT_RETAIN_SELF = YES;
				CLANG_WARN_OBJC_LITERAL_CONVERSION = YES;
				CLANG_WARN_OBJC_ROOT_CLASS = YES_ERROR;
				CLANG_WARN_RANGE_LOOP_ANALYSIS = YES;
				CLANG_WARN_STRICT_PROTOTYPES = YES;
				CLANG_WARN_SUSPICIOUS_MOVE = YES;
				CLANG_WARN_UNGUARDED_AVAILABILITY = YES_AGGRESSIVE;
				CLANG_WARN_UNREACHABLE_CODE = YES;
				CLANG_WARN__DUPLICATE_METHOD_MATCH = YES;
				CODE_SIGN_IDENTITY = "iPhone Developer";
				COPY_PHASE_STRIP = NO;
				DEBUG_INFORMATION_FORMAT = dwarf;
				ENABLE_STRICT_OBJC_MSGSEND = YES;
				ENABLE_TESTABILITY = YES;
				GCC_C_LANGUAGE_STANDARD = gnu11;
				GCC_DYNAMIC_NO_PIC = NO;
				GCC_NO_COMMON_BLOCKS = YES;
				GCC_OPTIMIZATION_LEVEL = 0;
				GCC_PREPROCESSOR_DEFINITIONS = (
					"DEBUG=1",
					"$(inherited)",
				);
				GCC_WARN_64_TO_32_BIT_CONVERSION = YES;
				GCC_WARN_ABOUT_RETURN_TYPE = YES_ERROR;
				GCC_WARN_UNDECLARED_SELECTOR = YES;
				GCC_WARN_UNINITIALIZED_AUTOS = YES_AGGRESSIVE;
				GCC_WARN_UNUSED_FUNCTION = YES;
				GCC_WARN_UNUSED_VARIABLE = YES;
				IPHONEOS_DEPLOYMENT_TARGET = 11.4;
				MTL_ENABLE_DEBUG_INFO = YES;
				ONLY_ACTIVE_ARCH = YES;
				SDKROOT = iphoneos;
				SWIFT_ACTIVE_COMPILATION_CONDITIONS = DEBUG;
				SWIFT_OPTIMIZATION_LEVEL = "-Onone";
			};
			name = Debug;
		};
		F8F6D8DD20EA95E500A6FD8E /* Release */ = {
			isa = XCBuildConfiguration;
			buildSettings = {
				ALWAYS_SEARCH_USER_PATHS = NO;
				CLANG_ANALYZER_NONNULL = YES;
				CLANG_ANALYZER_NUMBER_OBJECT_CONVERSION = YES_AGGRESSIVE;
				CLANG_CXX_LANGUAGE_STANDARD = "gnu++14";
				CLANG_CXX_LIBRARY = "libc++";
				CLANG_ENABLE_MODULES = YES;
				CLANG_ENABLE_OBJC_ARC = YES;
				CLANG_ENABLE_OBJC_WEAK = YES;
				CLANG_WARN_BLOCK_CAPTURE_AUTORELEASING = YES;
				CLANG_WARN_BOOL_CONVERSION = YES;
				CLANG_WARN_COMMA = YES;
				CLANG_WARN_CONSTANT_CONVERSION = YES;
				CLANG_WARN_DEPRECATED_OBJC_IMPLEMENTATIONS = YES;
				CLANG_WARN_DIRECT_OBJC_ISA_USAGE = YES_ERROR;
				CLANG_WARN_DOCUMENTATION_COMMENTS = YES;
				CLANG_WARN_EMPTY_BODY = YES;
				CLANG_WARN_ENUM_CONVERSION = YES;
				CLANG_WARN_INFINITE_RECURSION = YES;
				CLANG_WARN_INT_CONVERSION = YES;
				CLANG_WARN_NON_LITERAL_NULL_CONVERSION = YES;
				CLANG_WARN_OBJC_IMPLICIT_RETAIN_SELF = YES;
				CLANG_WARN_OBJC_LITERAL_CONVERSION = YES;
				CLANG_WARN_OBJC_ROOT_CLASS = YES_ERROR;
				CLANG_WARN_RANGE_LOOP_ANALYSIS = YES;
				CLANG_WARN_STRICT_PROTOTYPES = YES;
				CLANG_WARN_SUSPICIOUS_MOVE = YES;
				CLANG_WARN_UNGUARDED_AVAILABILITY = YES_AGGRESSIVE;
				CLANG_WARN_UNREACHABLE_CODE = YES;
				CLANG_WARN__DUPLICATE_METHOD_MATCH = YES;
				CODE_SIGN_IDENTITY = "iPhone Developer";
				COPY_PHASE_STRIP = NO;
				DEBUG_INFORMATION_FORMAT = "dwarf-with-dsym";
				ENABLE_NS_ASSERTIONS = NO;
				ENABLE_STRICT_OBJC_MSGSEND = YES;
				GCC_C_LANGUAGE_STANDARD = gnu11;
				GCC_NO_COMMON_BLOCKS = YES;
				GCC_WARN_64_TO_32_BIT_CONVERSION = YES;
				GCC_WARN_ABOUT_RETURN_TYPE = YES_ERROR;
				GCC_WARN_UNDECLARED_SELECTOR = YES;
				GCC_WARN_UNINITIALIZED_AUTOS = YES_AGGRESSIVE;
				GCC_WARN_UNUSED_FUNCTION = YES;
				GCC_WARN_UNUSED_VARIABLE = YES;
				IPHONEOS_DEPLOYMENT_TARGET = 11.4;
				MTL_ENABLE_DEBUG_INFO = NO;
				SDKROOT = iphoneos;
				SWIFT_COMPILATION_MODE = wholemodule;
				SWIFT_OPTIMIZATION_LEVEL = "-O";
				VALIDATE_PRODUCT = YES;
			};
			name = Release;
		};
		F8F6D8DF20EA95E500A6FD8E /* Debug */ = {
			isa = XCBuildConfiguration;
			baseConfigurationReference = 7FFBE664FD8FED9289B63B24 /* Pods-nytimes-ios-mostpopular.debug.xcconfig */;
			buildSettings = {
				ASSETCATALOG_COMPILER_APPICON_NAME = AppIcon;
				CODE_SIGN_STYLE = Automatic;
				DEVELOPMENT_TEAM = 6VJF35UZSF;
				INFOPLIST_FILE = "nytimes-ios-mostpopular/Info.plist";
				LD_RUNPATH_SEARCH_PATHS = (
					"$(inherited)",
					"@executable_path/Frameworks",
				);
				PRODUCT_BUNDLE_IDENTIFIER = "com.thejeraldo.nytimes-ios-mostpopular";
				PRODUCT_NAME = "$(TARGET_NAME)";
				SWIFT_VERSION = 4.0;
				TARGETED_DEVICE_FAMILY = "1,2";
			};
			name = Debug;
		};
		F8F6D8E020EA95E500A6FD8E /* Release */ = {
			isa = XCBuildConfiguration;
			baseConfigurationReference = 56BF7AB33D6BA2EDDBC059C1 /* Pods-nytimes-ios-mostpopular.release.xcconfig */;
			buildSettings = {
				ASSETCATALOG_COMPILER_APPICON_NAME = AppIcon;
				CODE_SIGN_STYLE = Automatic;
				DEVELOPMENT_TEAM = 6VJF35UZSF;
				INFOPLIST_FILE = "nytimes-ios-mostpopular/Info.plist";
				LD_RUNPATH_SEARCH_PATHS = (
					"$(inherited)",
					"@executable_path/Frameworks",
				);
				PRODUCT_BUNDLE_IDENTIFIER = "com.thejeraldo.nytimes-ios-mostpopular";
				PRODUCT_NAME = "$(TARGET_NAME)";
				SWIFT_VERSION = 4.0;
				TARGETED_DEVICE_FAMILY = "1,2";
			};
			name = Release;
		};
		F8F6D8E220EA95E500A6FD8E /* Debug */ = {
			isa = XCBuildConfiguration;
			baseConfigurationReference = 117EEE4F7CB2A20DF31E1AE6 /* Pods-nytimes-ios-mostpopularTests.debug.xcconfig */;
			buildSettings = {
				ALWAYS_EMBED_SWIFT_STANDARD_LIBRARIES = YES;
				BUNDLE_LOADER = "$(TEST_HOST)";
				CODE_SIGN_STYLE = Automatic;
				DEVELOPMENT_TEAM = 6VJF35UZSF;
				INFOPLIST_FILE = "nytimes-ios-mostpopularTests/Info.plist";
				LD_RUNPATH_SEARCH_PATHS = (
					"$(inherited)",
					"@executable_path/Frameworks",
					"@loader_path/Frameworks",
				);
				PRODUCT_BUNDLE_IDENTIFIER = "com.thejeraldo.nytimes-ios-mostpopularTests";
				PRODUCT_NAME = "$(TARGET_NAME)";
				SWIFT_VERSION = 4.0;
				TARGETED_DEVICE_FAMILY = "1,2";
				TEST_HOST = "$(BUILT_PRODUCTS_DIR)/nytimes-ios-mostpopular.app/nytimes-ios-mostpopular";
			};
			name = Debug;
		};
		F8F6D8E320EA95E500A6FD8E /* Release */ = {
			isa = XCBuildConfiguration;
			baseConfigurationReference = 147848AB88E0E80AF79CC60B /* Pods-nytimes-ios-mostpopularTests.release.xcconfig */;
			buildSettings = {
				ALWAYS_EMBED_SWIFT_STANDARD_LIBRARIES = YES;
				BUNDLE_LOADER = "$(TEST_HOST)";
				CODE_SIGN_STYLE = Automatic;
				DEVELOPMENT_TEAM = 6VJF35UZSF;
				INFOPLIST_FILE = "nytimes-ios-mostpopularTests/Info.plist";
				LD_RUNPATH_SEARCH_PATHS = (
					"$(inherited)",
					"@executable_path/Frameworks",
					"@loader_path/Frameworks",
				);
				PRODUCT_BUNDLE_IDENTIFIER = "com.thejeraldo.nytimes-ios-mostpopularTests";
				PRODUCT_NAME = "$(TARGET_NAME)";
				SWIFT_VERSION = 4.0;
				TARGETED_DEVICE_FAMILY = "1,2";
				TEST_HOST = "$(BUILT_PRODUCTS_DIR)/nytimes-ios-mostpopular.app/nytimes-ios-mostpopular";
			};
			name = Release;
		};
		F8F6D8E520EA95E500A6FD8E /* Debug */ = {
			isa = XCBuildConfiguration;
			baseConfigurationReference = 99AE26C4B422C34169651FFD /* Pods-nytimes-ios-mostpopularUITests.debug.xcconfig */;
			buildSettings = {
				ALWAYS_EMBED_SWIFT_STANDARD_LIBRARIES = YES;
				CODE_SIGN_STYLE = Automatic;
				DEVELOPMENT_TEAM = 6VJF35UZSF;
				INFOPLIST_FILE = "nytimes-ios-mostpopularUITests/Info.plist";
				LD_RUNPATH_SEARCH_PATHS = (
					"$(inherited)",
					"@executable_path/Frameworks",
					"@loader_path/Frameworks",
				);
				PRODUCT_BUNDLE_IDENTIFIER = "com.thejeraldo.nytimes-ios-mostpopularUITests";
				PRODUCT_NAME = "$(TARGET_NAME)";
				SWIFT_VERSION = 4.0;
				TARGETED_DEVICE_FAMILY = "1,2";
				TEST_TARGET_NAME = "nytimes-ios-mostpopular";
			};
			name = Debug;
		};
		F8F6D8E620EA95E500A6FD8E /* Release */ = {
			isa = XCBuildConfiguration;
			baseConfigurationReference = 6C4010C14320D0E0DEB09476 /* Pods-nytimes-ios-mostpopularUITests.release.xcconfig */;
			buildSettings = {
				ALWAYS_EMBED_SWIFT_STANDARD_LIBRARIES = YES;
				CODE_SIGN_STYLE = Automatic;
				DEVELOPMENT_TEAM = 6VJF35UZSF;
				INFOPLIST_FILE = "nytimes-ios-mostpopularUITests/Info.plist";
				LD_RUNPATH_SEARCH_PATHS = (
					"$(inherited)",
					"@executable_path/Frameworks",
					"@loader_path/Frameworks",
				);
				PRODUCT_BUNDLE_IDENTIFIER = "com.thejeraldo.nytimes-ios-mostpopularUITests";
				PRODUCT_NAME = "$(TARGET_NAME)";
				SWIFT_VERSION = 4.0;
				TARGETED_DEVICE_FAMILY = "1,2";
				TEST_TARGET_NAME = "nytimes-ios-mostpopular";
			};
			name = Release;
		};
/* End XCBuildConfiguration section */

/* Begin XCConfigurationList section */
		F8F6D8B120EA95DB00A6FD8E /* Build configuration list for PBXProject "nytimes-ios-mostpopular" */ = {
			isa = XCConfigurationList;
			buildConfigurations = (
				F8F6D8DC20EA95E500A6FD8E /* Debug */,
				F8F6D8DD20EA95E500A6FD8E /* Release */,
			);
			defaultConfigurationIsVisible = 0;
			defaultConfigurationName = Release;
		};
		F8F6D8DE20EA95E500A6FD8E /* Build configuration list for PBXNativeTarget "nytimes-ios-mostpopular" */ = {
			isa = XCConfigurationList;
			buildConfigurations = (
				F8F6D8DF20EA95E500A6FD8E /* Debug */,
				F8F6D8E020EA95E500A6FD8E /* Release */,
			);
			defaultConfigurationIsVisible = 0;
			defaultConfigurationName = Release;
		};
		F8F6D8E120EA95E500A6FD8E /* Build configuration list for PBXNativeTarget "nytimes-ios-mostpopularTests" */ = {
			isa = XCConfigurationList;
			buildConfigurations = (
				F8F6D8E220EA95E500A6FD8E /* Debug */,
				F8F6D8E320EA95E500A6FD8E /* Release */,
			);
			defaultConfigurationIsVisible = 0;
			defaultConfigurationName = Release;
		};
		F8F6D8E420EA95E500A6FD8E /* Build configuration list for PBXNativeTarget "nytimes-ios-mostpopularUITests" */ = {
			isa = XCConfigurationList;
			buildConfigurations = (
				F8F6D8E520EA95E500A6FD8E /* Debug */,
				F8F6D8E620EA95E500A6FD8E /* Release */,
			);
			defaultConfigurationIsVisible = 0;
			defaultConfigurationName = Release;
		};
/* End XCConfigurationList section */
	};
	rootObject = F8F6D8AE20EA95DB00A6FD8E /* Project object */;
}
